// !$*UTF8*$!
{
	archiveVersion = 1;
	classes = {
	};
	objectVersion = 55;
	objects = {

/* Begin PBXBuildFile section */
		7F6D644228A991E20063AF34 /* Alamofire in Frameworks */ = {isa = PBXBuildFile; productRef = 7F6D644128A991E20063AF34 /* Alamofire */; };
		7F6E873C28A70702002F0DF2 /* Model.swift in Sources */ = {isa = PBXBuildFile; fileRef = 7F6E873B28A70702002F0DF2 /* Model.swift */; };
		7F6E873E28A70734002F0DF2 /* NetworkManager.swift in Sources */ = {isa = PBXBuildFile; fileRef = 7F6E873D28A70734002F0DF2 /* NetworkManager.swift */; };
		7F960F0D28A6C580002F913B /* AppDelegate.swift in Sources */ = {isa = PBXBuildFile; fileRef = 7F960F0C28A6C580002F913B /* AppDelegate.swift */; };
		7F960F0F28A6C580002F913B /* SceneDelegate.swift in Sources */ = {isa = PBXBuildFile; fileRef = 7F960F0E28A6C580002F913B /* SceneDelegate.swift */; };
		7F960F1128A6C580002F913B /* MainViewController.swift in Sources */ = {isa = PBXBuildFile; fileRef = 7F960F1028A6C580002F913B /* MainViewController.swift */; };
		7F960F1428A6C580002F913B /* Main.storyboard in Resources */ = {isa = PBXBuildFile; fileRef = 7F960F1228A6C580002F913B /* Main.storyboard */; };
		7F960F1628A6C581002F913B /* Assets.xcassets in Resources */ = {isa = PBXBuildFile; fileRef = 7F960F1528A6C581002F913B /* Assets.xcassets */; };
		7F960F1928A6C581002F913B /* LaunchScreen.storyboard in Resources */ = {isa = PBXBuildFile; fileRef = 7F960F1728A6C581002F913B /* LaunchScreen.storyboard */; };
/* End PBXBuildFile section */

/* Begin PBXFileReference section */
		7F6E873B28A70702002F0DF2 /* Model.swift */ = {isa = PBXFileReference; lastKnownFileType = sourcecode.swift; path = Model.swift; sourceTree = "<group>"; };
		7F6E873D28A70734002F0DF2 /* NetworkManager.swift */ = {isa = PBXFileReference; lastKnownFileType = sourcecode.swift; path = NetworkManager.swift; sourceTree = "<group>"; };
		7F960F0928A6C580002F913B /* TrackSearch.app */ = {isa = PBXFileReference; explicitFileType = wrapper.application; includeInIndex = 0; path = TrackSearch.app; sourceTree = BUILT_PRODUCTS_DIR; };
		7F960F0C28A6C580002F913B /* AppDelegate.swift */ = {isa = PBXFileReference; lastKnownFileType = sourcecode.swift; path = AppDelegate.swift; sourceTree = "<group>"; };
		7F960F0E28A6C580002F913B /* SceneDelegate.swift */ = {isa = PBXFileReference; lastKnownFileType = sourcecode.swift; path = SceneDelegate.swift; sourceTree = "<group>"; };
		7F960F1028A6C580002F913B /* MainViewController.swift */ = {isa = PBXFileReference; lastKnownFileType = sourcecode.swift; path = MainViewController.swift; sourceTree = "<group>"; };
		7F960F1328A6C580002F913B /* Base */ = {isa = PBXFileReference; lastKnownFileType = file.storyboard; name = Base; path = Base.lproj/Main.storyboard; sourceTree = "<group>"; };
		7F960F1528A6C581002F913B /* Assets.xcassets */ = {isa = PBXFileReference; lastKnownFileType = folder.assetcatalog; path = Assets.xcassets; sourceTree = "<group>"; };
		7F960F1828A6C581002F913B /* Base */ = {isa = PBXFileReference; lastKnownFileType = file.storyboard; name = Base; path = Base.lproj/LaunchScreen.storyboard; sourceTree = "<group>"; };
		7F960F1A28A6C581002F913B /* Info.plist */ = {isa = PBXFileReference; lastKnownFileType = text.plist.xml; path = Info.plist; sourceTree = "<group>"; };
/* End PBXFileReference section */

/* Begin PBXFrameworksBuildPhase section */
		7F960F0628A6C580002F913B /* Frameworks */ = {
			isa = PBXFrameworksBuildPhase;
			buildActionMask = 2147483647;
			files = (
				7F6D644228A991E20063AF34 /* Alamofire in Frameworks */,
			);
			runOnlyForDeploymentPostprocessing = 0;
		};
/* End PBXFrameworksBuildPhase section */

/* Begin PBXGroup section */
		7F960F0028A6C580002F913B = {
			isa = PBXGroup;
			children = (
				7F960F0B28A6C580002F913B /* TrackSearch */,
				7F960F0A28A6C580002F913B /* Products */,
			);
			sourceTree = "<group>";
		};
		7F960F0A28A6C580002F913B /* Products */ = {
			isa = PBXGroup;
			children = (
				7F960F0928A6C580002F913B /* TrackSearch.app */,
			);
			name = Products;
			sourceTree = "<group>";
		};
		7F960F0B28A6C580002F913B /* TrackSearch */ = {
			isa = PBXGroup;
			children = (
				7F960F0C28A6C580002F913B /* AppDelegate.swift */,
				7F960F0E28A6C580002F913B /* SceneDelegate.swift */,
				7F960F1028A6C580002F913B /* MainViewController.swift */,
				7F960F1228A6C580002F913B /* Main.storyboard */,
				7F960F1528A6C581002F913B /* Assets.xcassets */,
				7F960F1728A6C581002F913B /* LaunchScreen.storyboard */,
				7F960F1A28A6C581002F913B /* Info.plist */,
				7F6E873B28A70702002F0DF2 /* Model.swift */,
				7F6E873D28A70734002F0DF2 /* NetworkManager.swift */,
			);
			path = TrackSearch;
			sourceTree = "<group>";
		};
/* End PBXGroup section */

/* Begin PBXNativeTarget section */
		7F960F0828A6C580002F913B /* TrackSearch */ = {
			isa = PBXNativeTarget;
			buildConfigurationList = 7F960F1D28A6C581002F913B /* Build configuration list for PBXNativeTarget "TrackSearch" */;
			buildPhases = (
				7F960F0528A6C580002F913B /* Sources */,
				7F960F0628A6C580002F913B /* Frameworks */,
				7F960F0728A6C580002F913B /* Resources */,
			);
			buildRules = (
			);
			dependencies = (
			);
			name = TrackSearch;
			packageProductDependencies = (
				7F6D644128A991E20063AF34 /* Alamofire */,
			);
			productName = TrackSearch;
			productReference = 7F960F0928A6C580002F913B /* TrackSearch.app */;
			productType = "com.apple.product-type.application";
		};
/* End PBXNativeTarget section */

/* Begin PBXProject section */
		7F960F0128A6C580002F913B /* Project object */ = {
			isa = PBXProject;
			attributes = {
				BuildIndependentTargetsInParallel = 1;
				LastSwiftUpdateCheck = 1340;
				LastUpgradeCheck = 1340;
				TargetAttributes = {
					7F960F0828A6C580002F913B = {
						CreatedOnToolsVersion = 13.4.1;
					};
				};
			};
			buildConfigurationList = 7F960F0428A6C580002F913B /* Build configuration list for PBXProject "TrackSearch" */;
			compatibilityVersion = "Xcode 13.0";
			developmentRegion = en;
			hasScannedForEncodings = 0;
			knownRegions = (
				en,
				Base,
			);
			mainGroup = 7F960F0028A6C580002F913B;
			packageReferences = (
				7F6D644028A991E20063AF34 /* XCRemoteSwiftPackageReference "Alamofire" */,
			);
			productRefGroup = 7F960F0A28A6C580002F913B /* Products */;
			projectDirPath = "";
			projectRoot = "";
			targets = (
				7F960F0828A6C580002F913B /* TrackSearch */,
			);
		};
/* End PBXProject section */

/* Begin PBXResourcesBuildPhase section */
		7F960F0728A6C580002F913B /* Resources */ = {
			isa = PBXResourcesBuildPhase;
			buildActionMask = 2147483647;
			files = (
				7F960F1928A6C581002F913B /* LaunchScreen.storyboard in Resources */,
				7F960F1628A6C581002F913B /* Assets.xcassets in Resources */,
				7F960F1428A6C580002F913B /* Main.storyboard in Resources */,
			);
			runOnlyForDeploymentPostprocessing = 0;
		};
/* End PBXResourcesBuildPhase section */

/* Begin PBXSourcesBuildPhase section */
		7F960F0528A6C580002F913B /* Sources */ = {
			isa = PBXSourcesBuildPhase;
			buildActionMask = 2147483647;
			files = (
				7F960F1128A6C580002F913B /* MainViewController.swift in Sources */,
				7F960F0D28A6C580002F913B /* AppDelegate.swift in Sources */,
				7F6E873E28A70734002F0DF2 /* NetworkManager.swift in Sources */,
				7F960F0F28A6C580002F913B /* SceneDelegate.swift in Sources */,
				7F6E873C28A70702002F0DF2 /* Model.swift in Sources */,
			);
			runOnlyForDeploymentPostprocessing = 0;
		};
/* End PBXSourcesBuildPhase section */

/* Begin PBXVariantGroup section */
		7F960F1228A6C580002F913B /* Main.storyboard */ = {
			isa = PBXVariantGroup;
			children = (
				7F960F1328A6C580002F913B /* Base */,
			);
			name = Main.storyboard;
			sourceTree = "<group>";
		};
		7F960F1728A6C581002F913B /* LaunchScreen.storyboard */ = {
			isa = PBXVariantGroup;
			children = (
				7F960F1828A6C581002F913B /* Base */,
			);
			name = LaunchScreen.storyboard;
			sourceTree = "<group>";
		};
/* End PBXVariantGroup section */

/* Begin XCBuildConfiguration section */
		7F960F1B28A6C581002F913B /* Debug */ = {
			isa = XCBuildConfiguration;
			buildSettings = {
				ALWAYS_SEARCH_USER_PATHS = NO;
				CLANG_ANALYZER_NONNULL = YES;
				CLANG_ANALYZER_NUMBER_OBJECT_CONVERSION = YES_AGGRESSIVE;
				CLANG_CXX_LANGUAGE_STANDARD = "gnu++17";
				CLANG_ENABLE_MODULES = YES;
				CLANG_ENABLE_OBJC_ARC = YES;
				CLANG_ENABLE_OBJC_WEAK = YES;
				CLANG_WARN_BLOCK_CAPTURE_AUTORELEASING = YES;
				CLANG_WARN_BOOL_CONVERSION = YES;
				CLANG_WARN_COMMA = YES;
				CLANG_WARN_CONSTANT_CONVERSION = YES;
				CLANG_WARN_DEPRECATED_OBJC_IMPLEMENTATIONS = YES;
				CLANG_WARN_DIRECT_OBJC_ISA_USAGE = YES_ERROR;
				CLANG_WARN_DOCUMENTATION_COMMENTS = YES;
				CLANG_WARN_EMPTY_BODY = YES;
				CLANG_WARN_ENUM_CONVERSION = YES;
				CLANG_WARN_INFINITE_RECURSION = YES;
				CLANG_WARN_INT_CONVERSION = YES;
				CLANG_WARN_NON_LITERAL_NULL_CONVERSION = YES;
				CLANG_WARN_OBJC_IMPLICIT_RETAIN_SELF = YES;
				CLANG_WARN_OBJC_LITERAL_CONVERSION = YES;
				CLANG_WARN_OBJC_ROOT_CLASS = YES_ERROR;
				CLANG_WARN_QUOTED_INCLUDE_IN_FRAMEWORK_HEADER = YES;
				CLANG_WARN_RANGE_LOOP_ANALYSIS = YES;
				CLANG_WARN_STRICT_PROTOTYPES = YES;
				CLANG_WARN_SUSPICIOUS_MOVE = YES;
				CLANG_WARN_UNGUARDED_AVAILABILITY = YES_AGGRESSIVE;
				CLANG_WARN_UNREACHABLE_CODE = YES;
				CLANG_WARN__DUPLICATE_METHOD_MATCH = YES;
				COPY_PHASE_STRIP = NO;
				DEBUG_INFORMATION_FORMAT = dwarf;
				ENABLE_STRICT_OBJC_MSGSEND = YES;
				ENABLE_TESTABILITY = YES;
				GCC_C_LANGUAGE_STANDARD = gnu11;
				GCC_DYNAMIC_NO_PIC = NO;
				GCC_NO_COMMON_BLOCKS = YES;
				GCC_OPTIMIZATION_LEVEL = 0;
				GCC_PREPROCESSOR_DEFINITIONS = (
					"DEBUG=1",
					"$(inherited)",
				);
				GCC_WARN_64_TO_32_BIT_CONVERSION = YES;
				GCC_WARN_ABOUT_RETURN_TYPE = YES_ERROR;
				GCC_WARN_UNDECLARED_SELECTOR = YES;
				GCC_WARN_UNINITIALIZED_AUTOS = YES_AGGRESSIVE;
				GCC_WARN_UNUSED_FUNCTION = YES;
				GCC_WARN_UNUSED_VARIABLE = YES;
				IPHONEOS_DEPLOYMENT_TARGET = 15.5;
				MTL_ENABLE_DEBUG_INFO = INCLUDE_SOURCE;
				MTL_FAST_MATH = YES;
				ONLY_ACTIVE_ARCH = YES;
				SDKROOT = iphoneos;
				SWIFT_ACTIVE_COMPILATION_CONDITIONS = DEBUG;
				SWIFT_OPTIMIZATION_LEVEL = "-Onone";
			};
			name = Debug;
		};
		7F960F1C28A6C581002F913B /* Release */ = {
			isa = XCBuildConfiguration;
			buildSettings = {
				ALWAYS_SEARCH_USER_PATHS = NO;
				CLANG_ANALYZER_NONNULL = YES;
				CLANG_ANALYZER_NUMBER_OBJECT_CONVERSION = YES_AGGRESSIVE;
				CLANG_CXX_LANGUAGE_STANDARD = "gnu++17";
				CLANG_ENABLE_MODULES = YES;
				CLANG_ENABLE_OBJC_ARC = YES;
				CLANG_ENABLE_OBJC_WEAK = YES;
				CLANG_WARN_BLOCK_CAPTURE_AUTORELEASING = YES;
				CLANG_WARN_BOOL_CONVERSION = YES;
				CLANG_WARN_COMMA = YES;
				CLANG_WARN_CONSTANT_CONVERSION = YES;
				CLANG_WARN_DEPRECATED_OBJC_IMPLEMENTATIONS = YES;
				CLANG_WARN_DIRECT_OBJC_ISA_USAGE = YES_ERROR;
				CLANG_WARN_DOCUMENTATION_COMMENTS = YES;
				CLANG_WARN_EMPTY_BODY = YES;
				CLANG_WARN_ENUM_CONVERSION = YES;
				CLANG_WARN_INFINITE_RECURSION = YES;
				CLANG_WARN_INT_CONVERSION = YES;
				CLANG_WARN_NON_LITERAL_NULL_CONVERSION = YES;
				CLANG_WARN_OBJC_IMPLICIT_RETAIN_SELF = YES;
				CLANG_WARN_OBJC_LITERAL_CONVERSION = YES;
				CLANG_WARN_OBJC_ROOT_CLASS = YES_ERROR;
				CLANG_WARN_QUOTED_INCLUDE_IN_FRAMEWORK_HEADER = YES;
				CLANG_WARN_RANGE_LOOP_ANALYSIS = YES;
				CLANG_WARN_STRICT_PROTOTYPES = YES;
				CLANG_WARN_SUSPICIOUS_MOVE = YES;
				CLANG_WARN_UNGUARDED_AVAILABILITY = YES_AGGRESSIVE;
				CLANG_WARN_UNREACHABLE_CODE = YES;
				CLANG_WARN__DUPLICATE_METHOD_MATCH = YES;
				COPY_PHASE_STRIP = NO;
				DEBUG_INFORMATION_FORMAT = "dwarf-with-dsym";
				ENABLE_NS_ASSERTIONS = NO;
				ENABLE_STRICT_OBJC_MSGSEND = YES;
				GCC_C_LANGUAGE_STANDARD = gnu11;
				GCC_NO_COMMON_BLOCKS = YES;
				GCC_WARN_64_TO_32_BIT_CONVERSION = YES;
				GCC_WARN_ABOUT_RETURN_TYPE = YES_ERROR;
				GCC_WARN_UNDECLARED_SELECTOR = YES;
				GCC_WARN_UNINITIALIZED_AUTOS = YES_AGGRESSIVE;
				GCC_WARN_UNUSED_FUNCTION = YES;
				GCC_WARN_UNUSED_VARIABLE = YES;
				IPHONEOS_DEPLOYMENT_TARGET = 15.5;
				MTL_ENABLE_DEBUG_INFO = NO;
				MTL_FAST_MATH = YES;
				SDKROOT = iphoneos;
				SWIFT_COMPILATION_MODE = wholemodule;
				SWIFT_OPTIMIZATION_LEVEL = "-O";
				VALIDATE_PRODUCT = YES;
			};
			name = Release;
		};
		7F960F1E28A6C581002F913B /* Debug */ = {
			isa = XCBuildConfiguration;
			buildSettings = {
				ASSETCATALOG_COMPILER_APPICON_NAME = AppIcon;
				ASSETCATALOG_COMPILER_GLOBAL_ACCENT_COLOR_NAME = AccentColor;
				CODE_SIGN_STYLE = Automatic;
				CURRENT_PROJECT_VERSION = 1;
				DEVELOPMENT_TEAM = CC2755AXU3;
				GENERATE_INFOPLIST_FILE = YES;
				INFOPLIST_FILE = TrackSearch/Info.plist;
				INFOPLIST_KEY_CFBundleDisplayName = TrackSearch;
				INFOPLIST_KEY_UIApplicationSupportsIndirectInputEvents = YES;
				INFOPLIST_KEY_UILaunchStoryboardName = LaunchScreen;
				INFOPLIST_KEY_UIMainStoryboardFile = Main;
				INFOPLIST_KEY_UISupportedInterfaceOrientations = UIInterfaceOrientationPortrait;
				INFOPLIST_KEY_UISupportedInterfaceOrientations_iPad = "UIInterfaceOrientationPortrait UIInterfaceOrientationPortraitUpsideDown UIInterfaceOrientationLandscapeLeft UIInterfaceOrientationLandscapeRight";
				INFOPLIST_KEY_UISupportedInterfaceOrientations_iPhone = "UIInterfaceOrientationPortrait UIInterfaceOrientationLandscapeLeft UIInterfaceOrientationLandscapeRight";
				LD_RUNPATH_SEARCH_PATHS = (
					"$(inherited)",
					"@executable_path/Frameworks",
				);
				MARKETING_VERSION = 1.0;
				PRODUCT_BUNDLE_IDENTIFIER = "FS-SIA.TrackSearch";
				PRODUCT_NAME = "$(TARGET_NAME)";
				SWIFT_EMIT_LOC_STRINGS = YES;
				SWIFT_VERSION = 5.0;
				TARGETED_DEVICE_FAMILY = 1;
			};
			name = Debug;
		};
		7F960F1F28A6C581002F913B /* Release */ = {
			isa = XCBuildConfiguration;
			buildSettings = {
				ASSETCATALOG_COMPILER_APPICON_NAME = AppIcon;
				ASSETCATALOG_COMPILER_GLOBAL_ACCENT_COLOR_NAME = AccentColor;
				CODE_SIGN_STYLE = Automatic;
				CURRENT_PROJECT_VERSION = 1;
				DEVELOPMENT_TEAM = CC2755AXU3;
				GENERATE_INFOPLIST_FILE = YES;
				INFOPLIST_FILE = TrackSearch/Info.plist;
				INFOPLIST_KEY_CFBundleDisplayName = TrackSearch;
				INFOPLIST_KEY_UIApplicationSupportsIndirectInputEvents = YES;
				INFOPLIST_KEY_UILaunchStoryboardName = LaunchScreen;
				INFOPLIST_KEY_UIMainStoryboardFile = Main;
				INFOPLIST_KEY_UISupportedInterfaceOrientations = UIInterfaceOrientationPortrait;
				INFOPLIST_KEY_UISupportedInterfaceOrientations_iPad = "UIInterfaceOrientationPortrait UIInterfaceOrientationPortraitUpsideDown UIInterfaceOrientationLandscapeLeft UIInterfaceOrientationLandscapeRight";
				INFOPLIST_KEY_UISupportedInterfaceOrientations_iPhone = "UIInterfaceOrientationPortrait UIInterfaceOrientationLandscapeLeft UIInterfaceOrientationLandscapeRight";
				LD_RUNPATH_SEARCH_PATHS = (
					"$(inherited)",
					"@executable_path/Frameworks",
				);
				MARKETING_VERSION = 1.0;
				PRODUCT_BUNDLE_IDENTIFIER = "FS-SIA.TrackSearch";
				PRODUCT_NAME = "$(TARGET_NAME)";
				SWIFT_EMIT_LOC_STRINGS = YES;
				SWIFT_VERSION = 5.0;
				TARGETED_DEVICE_FAMILY = 1;
			};
			name = Release;
		};
/* End XCBuildConfiguration section */

/* Begin XCConfigurationList section */
		7F960F0428A6C580002F913B /* Build configuration list for PBXProject "TrackSearch" */ = {
			isa = XCConfigurationList;
			buildConfigurations = (
				7F960F1B28A6C581002F913B /* Debug */,
				7F960F1C28A6C581002F913B /* Release */,
			);
			defaultConfigurationIsVisible = 0;
			defaultConfigurationName = Release;
		};
		7F960F1D28A6C581002F913B /* Build configuration list for PBXNativeTarget "TrackSearch" */ = {
			isa = XCConfigurationList;
			buildConfigurations = (
				7F960F1E28A6C581002F913B /* Debug */,
				7F960F1F28A6C581002F913B /* Release */,
			);
			defaultConfigurationIsVisible = 0;
			defaultConfigurationName = Release;
		};
/* End XCConfigurationList section */

/* Begin XCRemoteSwiftPackageReference section */
		7F6D644028A991E20063AF34 /* XCRemoteSwiftPackageReference "Alamofire" */ = {
			isa = XCRemoteSwiftPackageReference;
			repositoryURL = "https://github.com/Alamofire/Alamofire.git";
			requirement = {
				kind = upToNextMajorVersion;
				minimumVersion = 5.0.0;
			};
		};
/* End XCRemoteSwiftPackageReference section */

/* Begin XCSwiftPackageProductDependency section */
		7F6D644128A991E20063AF34 /* Alamofire */ = {
			isa = XCSwiftPackageProductDependency;
			package = 7F6D644028A991E20063AF34 /* XCRemoteSwiftPackageReference "Alamofire" */;
			productName = Alamofire;
		};
/* End XCSwiftPackageProductDependency section */
	};
	rootObject = 7F960F0128A6C580002F913B /* Project object */;
}
